
Microsoft Visual Studio Solution File, Format Version 12.00
# Visual Studio Version 17
VisualStudioVersion = 17.14.36310.24 d17.14
MinimumVisualStudioVersion = 10.0.40219.1
Project("{FAE04EC0-301F-11D3-BF4B-00C04F79EFBC}") = "sum", "sum.csproj", "{BB447890-BFBB-4EDD-AA8E-E8468A16634E}"
EndProject
Global
	GlobalSection(SolutionConfigurationPlatforms) = preSolution
		Debug|Any CPU = Debug|Any CPU
		Release|Any CPU = Release|Any CPU
	EndGlobalSection
	GlobalSection(ProjectConfigurationPlatforms) = postSolution
		{BB447890-BFBB-4EDD-AA8E-E8468A16634E}.Debug|Any CPU.ActiveCfg = Debug|Any CPU
		{BB447890-BFBB-4EDD-AA8E-E8468A16634E}.Debug|Any CPU.Build.0 = Debug|Any CPU
		{BB447890-BFBB-4EDD-AA8E-E8468A16634E}.Release|Any CPU.ActiveCfg = Release|Any CPU
		{BB447890-BFBB-4EDD-AA8E-E8468A16634E}.Release|Any CPU.Build.0 = Release|Any CPU
	EndGlobalSection
	GlobalSection(SolutionProperties) = preSolution
		HideSolutionNode = FALSE
	EndGlobalSection
	GlobalSection(ExtensibilityGlobals) = postSolution
		SolutionGuid = {21419BDC-8068-46F8-913F-BF974ED68009}
	EndGlobalSection
EndGlobal
