
Microsoft Visual Studio Solution File, Format Version 12.00
# Visual Studio Version 17
VisualStudioVersion = 17.14.36310.24 d17.14
MinimumVisualStudioVersion = 10.0.40219.1
Project("{FAE04EC0-301F-11D3-BF4B-00C04F79EFBC}") = "Dataencapsulationdemo", "Dataencapsulationdemo\Dataencapsulationdemo.csproj", "{B332C1A4-23A8-46A6-9EDD-22E44CEB1946}"
EndProject
Global
	GlobalSection(SolutionConfigurationPlatforms) = preSolution
		Debug|Any CPU = Debug|Any CPU
		Release|Any CPU = Release|Any CPU
	EndGlobalSection
	GlobalSection(ProjectConfigurationPlatforms) = postSolution
		{B332C1A4-23A8-46A6-9EDD-22E44CEB1946}.Debug|Any CPU.ActiveCfg = Debug|Any CPU
		{B332C1A4-23A8-46A6-9EDD-22E44CEB1946}.Debug|Any CPU.Build.0 = Debug|Any CPU
		{B332C1A4-23A8-46A6-9EDD-22E44CEB1946}.Release|Any CPU.ActiveCfg = Release|Any CPU
		{B332C1A4-23A8-46A6-9EDD-22E44CEB1946}.Release|Any CPU.Build.0 = Release|Any CPU
	EndGlobalSection
	GlobalSection(SolutionProperties) = preSolution
		HideSolutionNode = FALSE
	EndGlobalSection
	GlobalSection(ExtensibilityGlobals) = postSolution
		SolutionGuid = {13D2456D-4029-49B0-A924-B7A41C3450FB}
	EndGlobalSection
EndGlobal
