
Microsoft Visual Studio Solution File, Format Version 12.00
# Visual Studio Version 17
VisualStudioVersion = 17.14.36310.24 d17.14
MinimumVisualStudioVersion = 10.0.40219.1
Project("{FAE04EC0-301F-11D3-BF4B-00C04F79EFBC}") = "Firstlast", "Firstlast.csproj", "{986AFE70-8CBC-48D7-BF0C-DCE99BBBBB64}"
EndProject
Global
	GlobalSection(SolutionConfigurationPlatforms) = preSolution
		Debug|Any CPU = Debug|Any CPU
		Release|Any CPU = Release|Any CPU
	EndGlobalSection
	GlobalSection(ProjectConfigurationPlatforms) = postSolution
		{986AFE70-8CBC-48D7-BF0C-DCE99BBBBB64}.Debug|Any CPU.ActiveCfg = Debug|Any CPU
		{986AFE70-8CBC-48D7-BF0C-DCE99BBBBB64}.Debug|Any CPU.Build.0 = Debug|Any CPU
		{986AFE70-8CBC-48D7-BF0C-DCE99BBBBB64}.Release|Any CPU.ActiveCfg = Release|Any CPU
		{986AFE70-8CBC-48D7-BF0C-DCE99BBBBB64}.Release|Any CPU.Build.0 = Release|Any CPU
	EndGlobalSection
	GlobalSection(SolutionProperties) = preSolution
		HideSolutionNode = FALSE
	EndGlobalSection
	GlobalSection(ExtensibilityGlobals) = postSolution
		SolutionGuid = {95401511-F43A-48CC-AF59-5E98C996D232}
	EndGlobalSection
EndGlobal
