
Microsoft Visual Studio Solution File, Format Version 12.00
# Visual Studio Version 17
VisualStudioVersion = 17.14.36310.24 d17.14
MinimumVisualStudioVersion = 10.0.40219.1
Project("{FAE04EC0-301F-11D3-BF4B-00C04F79EFBC}") = "interface", "interface.csproj", "{B7D09BC3-77E5-42CD-92CD-7D239EB3F498}"
EndProject
Global
	GlobalSection(SolutionConfigurationPlatforms) = preSolution
		Debug|Any CPU = Debug|Any CPU
		Release|Any CPU = Release|Any CPU
	EndGlobalSection
	GlobalSection(ProjectConfigurationPlatforms) = postSolution
		{B7D09BC3-77E5-42CD-92CD-7D239EB3F498}.Debug|Any CPU.ActiveCfg = Debug|Any CPU
		{B7D09BC3-77E5-42CD-92CD-7D239EB3F498}.Debug|Any CPU.Build.0 = Debug|Any CPU
		{B7D09BC3-77E5-42CD-92CD-7D239EB3F498}.Release|Any CPU.ActiveCfg = Release|Any CPU
		{B7D09BC3-77E5-42CD-92CD-7D239EB3F498}.Release|Any CPU.Build.0 = Release|Any CPU
	EndGlobalSection
	GlobalSection(SolutionProperties) = preSolution
		HideSolutionNode = FALSE
	EndGlobalSection
	GlobalSection(ExtensibilityGlobals) = postSolution
		SolutionGuid = {342A4DA4-B8F5-4878-839B-4503132A6296}
	EndGlobalSection
EndGlobal
