
Microsoft Visual Studio Solution File, Format Version 12.00
# Visual Studio Version 17
VisualStudioVersion = 17.14.36310.24 d17.14
MinimumVisualStudioVersion = 10.0.40219.1
Project("{FAE04EC0-301F-11D3-BF4B-00C04F79EFBC}") = "HotelBooking", "HotelBooking\HotelBooking.csproj", "{35B1B28C-0611-48E1-8070-D016FD003B58}"
EndProject
Global
	GlobalSection(SolutionConfigurationPlatforms) = preSolution
		Debug|Any CPU = Debug|Any CPU
		Release|Any CPU = Release|Any CPU
	EndGlobalSection
	GlobalSection(ProjectConfigurationPlatforms) = postSolution
		{35B1B28C-0611-48E1-8070-D016FD003B58}.Debug|Any CPU.ActiveCfg = Debug|Any CPU
		{35B1B28C-0611-48E1-8070-D016FD003B58}.Debug|Any CPU.Build.0 = Debug|Any CPU
		{35B1B28C-0611-48E1-8070-D016FD003B58}.Release|Any CPU.ActiveCfg = Release|Any CPU
		{35B1B28C-0611-48E1-8070-D016FD003B58}.Release|Any CPU.Build.0 = Release|Any CPU
	EndGlobalSection
	GlobalSection(SolutionProperties) = preSolution
		HideSolutionNode = FALSE
	EndGlobalSection
	GlobalSection(ExtensibilityGlobals) = postSolution
		SolutionGuid = {8D9894ED-30A6-467F-B0C5-8F67F820F839}
	EndGlobalSection
EndGlobal
